// !$*UTF8*$!
{
	archiveVersion = 1;
	classes = {
	};
	objectVersion = 55;
	objects = {

/* Begin PBXBuildFile section */
		C623EEC42886F97E00B4F36B /* AppDelegate.swift in Sources */ = {isa = PBXBuildFile; fileRef = C623EEC32886F97E00B4F36B /* AppDelegate.swift */; };
		C623EEC62886F97E00B4F36B /* SceneDelegate.swift in Sources */ = {isa = PBXBuildFile; fileRef = C623EEC52886F97E00B4F36B /* SceneDelegate.swift */; };
		C623EEC82886F97E00B4F36B /* ViewController.swift in Sources */ = {isa = PBXBuildFile; fileRef = C623EEC72886F97E00B4F36B /* ViewController.swift */; };
		C623EECB2886F97E00B4F36B /* Main.storyboard in Resources */ = {isa = PBXBuildFile; fileRef = C623EEC92886F97E00B4F36B /* Main.storyboard */; };
		C623EECD2886F97F00B4F36B /* Assets.xcassets in Resources */ = {isa = PBXBuildFile; fileRef = C623EECC2886F97F00B4F36B /* Assets.xcassets */; };
		C623EED02886F97F00B4F36B /* LaunchScreen.storyboard in Resources */ = {isa = PBXBuildFile; fileRef = C623EECE2886F97F00B4F36B /* LaunchScreen.storyboard */; };
		C623EEDB2886F97F00B4F36B /* Project6bTests.swift in Sources */ = {isa = PBXBuildFile; fileRef = C623EEDA2886F97F00B4F36B /* Project6bTests.swift */; };
		C623EEE52886F97F00B4F36B /* Project6bUITests.swift in Sources */ = {isa = PBXBuildFile; fileRef = C623EEE42886F97F00B4F36B /* Project6bUITests.swift */; };
		C623EEE72886F97F00B4F36B /* Project6bUITestsLaunchTests.swift in Sources */ = {isa = PBXBuildFile; fileRef = C623EEE62886F97F00B4F36B /* Project6bUITestsLaunchTests.swift */; };
/* End PBXBuildFile section */

/* Begin PBXContainerItemProxy section */
		C623EED72886F97F00B4F36B /* PBXContainerItemProxy */ = {
			isa = PBXContainerItemProxy;
			containerPortal = C623EEB82886F97E00B4F36B /* Project object */;
			proxyType = 1;
			remoteGlobalIDString = C623EEBF2886F97E00B4F36B;
			remoteInfo = Project6b;
		};
		C623EEE12886F97F00B4F36B /* PBXContainerItemProxy */ = {
			isa = PBXContainerItemProxy;
			containerPortal = C623EEB82886F97E00B4F36B /* Project object */;
			proxyType = 1;
			remoteGlobalIDString = C623EEBF2886F97E00B4F36B;
			remoteInfo = Project6b;
		};
/* End PBXContainerItemProxy section */

/* Begin PBXFileReference section */
		C623EEC02886F97E00B4F36B /* Project6b.app */ = {isa = PBXFileReference; explicitFileType = wrapper.application; includeInIndex = 0; path = Project6b.app; sourceTree = BUILT_PRODUCTS_DIR; };
		C623EEC32886F97E00B4F36B /* AppDelegate.swift */ = {isa = PBXFileReference; lastKnownFileType = sourcecode.swift; path = AppDelegate.swift; sourceTree = "<group>"; };
		C623EEC52886F97E00B4F36B /* SceneDelegate.swift */ = {isa = PBXFileReference; lastKnownFileType = sourcecode.swift; path = SceneDelegate.swift; sourceTree = "<group>"; };
		C623EEC72886F97E00B4F36B /* ViewController.swift */ = {isa = PBXFileReference; lastKnownFileType = sourcecode.swift; path = ViewController.swift; sourceTree = "<group>"; };
		C623EECA2886F97E00B4F36B /* Base */ = {isa = PBXFileReference; lastKnownFileType = file.storyboard; name = Base; path = Base.lproj/Main.storyboard; sourceTree = "<group>"; };
		C623EECC2886F97F00B4F36B /* Assets.xcassets */ = {isa = PBXFileReference; lastKnownFileType = folder.assetcatalog; path = Assets.xcassets; sourceTree = "<group>"; };
		C623EECF2886F97F00B4F36B /* Base */ = {isa = PBXFileReference; lastKnownFileType = file.storyboard; name = Base; path = Base.lproj/LaunchScreen.storyboard; sourceTree = "<group>"; };
		C623EED12886F97F00B4F36B /* Info.plist */ = {isa = PBXFileReference; lastKnownFileType = text.plist.xml; path = Info.plist; sourceTree = "<group>"; };
		C623EED62886F97F00B4F36B /* Project6bTests.xctest */ = {isa = PBXFileReference; explicitFileType = wrapper.cfbundle; includeInIndex = 0; path = Project6bTests.xctest; sourceTree = BUILT_PRODUCTS_DIR; };
		C623EEDA2886F97F00B4F36B /* Project6bTests.swift */ = {isa = PBXFileReference; lastKnownFileType = sourcecode.swift; path = Project6bTests.swift; sourceTree = "<group>"; };
		C623EEE02886F97F00B4F36B /* Project6bUITests.xctest */ = {isa = PBXFileReference; explicitFileType = wrapper.cfbundle; includeInIndex = 0; path = Project6bUITests.xctest; sourceTree = BUILT_PRODUCTS_DIR; };
		C623EEE42886F97F00B4F36B /* Project6bUITests.swift */ = {isa = PBXFileReference; lastKnownFileType = sourcecode.swift; path = Project6bUITests.swift; sourceTree = "<group>"; };
		C623EEE62886F97F00B4F36B /* Project6bUITestsLaunchTests.swift */ = {isa = PBXFileReference; lastKnownFileType = sourcecode.swift; path = Project6bUITestsLaunchTests.swift; sourceTree = "<group>"; };
/* End PBXFileReference section */

/* Begin PBXFrameworksBuildPhase section */
		C623EEBD2886F97E00B4F36B /* Frameworks */ = {
			isa = PBXFrameworksBuildPhase;
			buildActionMask = 2147483647;
			files = (
			);
			runOnlyForDeploymentPostprocessing = 0;
		};
		C623EED32886F97F00B4F36B /* Frameworks */ = {
			isa = PBXFrameworksBuildPhase;
			buildActionMask = 2147483647;
			files = (
			);
			runOnlyForDeploymentPostprocessing = 0;
		};
		C623EEDD2886F97F00B4F36B /* Frameworks */ = {
			isa = PBXFrameworksBuildPhase;
			buildActionMask = 2147483647;
			files = (
			);
			runOnlyForDeploymentPostprocessing = 0;
		};
/* End PBXFrameworksBuildPhase section */

/* Begin PBXGroup section */
		C623EEB72886F97E00B4F36B = {
			isa = PBXGroup;
			children = (
				C623EEC22886F97E00B4F36B /* Project6b */,
				C623EED92886F97F00B4F36B /* Project6bTests */,
				C623EEE32886F97F00B4F36B /* Project6bUITests */,
				C623EEC12886F97E00B4F36B /* Products */,
			);
			sourceTree = "<group>";
		};
		C623EEC12886F97E00B4F36B /* Products */ = {
			isa = PBXGroup;
			children = (
				C623EEC02886F97E00B4F36B /* Project6b.app */,
				C623EED62886F97F00B4F36B /* Project6bTests.xctest */,
				C623EEE02886F97F00B4F36B /* Project6bUITests.xctest */,
			);
			name = Products;
			sourceTree = "<group>";
		};
		C623EEC22886F97E00B4F36B /* Project6b */ = {
			isa = PBXGroup;
			children = (
				C623EEC32886F97E00B4F36B /* AppDelegate.swift */,
				C623EEC52886F97E00B4F36B /* SceneDelegate.swift */,
				C623EEC72886F97E00B4F36B /* ViewController.swift */,
				C623EEC92886F97E00B4F36B /* Main.storyboard */,
				C623EECC2886F97F00B4F36B /* Assets.xcassets */,
				C623EECE2886F97F00B4F36B /* LaunchScreen.storyboard */,
				C623EED12886F97F00B4F36B /* Info.plist */,
			);
			path = Project6b;
			sourceTree = "<group>";
		};
		C623EED92886F97F00B4F36B /* Project6bTests */ = {
			isa = PBXGroup;
			children = (
				C623EEDA2886F97F00B4F36B /* Project6bTests.swift */,
			);
			path = Project6bTests;
			sourceTree = "<group>";
		};
		C623EEE32886F97F00B4F36B /* Project6bUITests */ = {
			isa = PBXGroup;
			children = (
				C623EEE42886F97F00B4F36B /* Project6bUITests.swift */,
				C623EEE62886F97F00B4F36B /* Project6bUITestsLaunchTests.swift */,
			);
			path = Project6bUITests;
			sourceTree = "<group>";
		};
/* End PBXGroup section */

/* Begin PBXNativeTarget section */
		C623EEBF2886F97E00B4F36B /* Project6b */ = {
			isa = PBXNativeTarget;
			buildConfigurationList = C623EEEA2886F97F00B4F36B /* Build configuration list for PBXNativeTarget "Project6b" */;
			buildPhases = (
				C623EEBC2886F97E00B4F36B /* Sources */,
				C623EEBD2886F97E00B4F36B /* Frameworks */,
				C623EEBE2886F97E00B4F36B /* Resources */,
			);
			buildRules = (
			);
			dependencies = (
			);
			name = Project6b;
			productName = Project6b;
			productReference = C623EEC02886F97E00B4F36B /* Project6b.app */;
			productType = "com.apple.product-type.application";
		};
		C623EED52886F97F00B4F36B /* Project6bTests */ = {
			isa = PBXNativeTarget;
			buildConfigurationList = C623EEED2886F97F00B4F36B /* Build configuration list for PBXNativeTarget "Project6bTests" */;
			buildPhases = (
				C623EED22886F97F00B4F36B /* Sources */,
				C623EED32886F97F00B4F36B /* Frameworks */,
				C623EED42886F97F00B4F36B /* Resources */,
			);
			buildRules = (
			);
			dependencies = (
				C623EED82886F97F00B4F36B /* PBXTargetDependency */,
			);
			name = Project6bTests;
			productName = Project6bTests;
			productReference = C623EED62886F97F00B4F36B /* Project6bTests.xctest */;
			productType = "com.apple.product-type.bundle.unit-test";
		};
		C623EEDF2886F97F00B4F36B /* Project6bUITests */ = {
			isa = PBXNativeTarget;
			buildConfigurationList = C623EEF02886F97F00B4F36B /* Build configuration list for PBXNativeTarget "Project6bUITests" */;
			buildPhases = (
				C623EEDC2886F97F00B4F36B /* Sources */,
				C623EEDD2886F97F00B4F36B /* Frameworks */,
				C623EEDE2886F97F00B4F36B /* Resources */,
			);
			buildRules = (
			);
			dependencies = (
				C623EEE22886F97F00B4F36B /* PBXTargetDependency */,
			);
			name = Project6bUITests;
			productName = Project6bUITests;
			productReference = C623EEE02886F97F00B4F36B /* Project6bUITests.xctest */;
			productType = "com.apple.product-type.bundle.ui-testing";
		};
/* End PBXNativeTarget section */

/* Begin PBXProject section */
		C623EEB82886F97E00B4F36B /* Project object */ = {
			isa = PBXProject;
			attributes = {
				BuildIndependentTargetsInParallel = 1;
				LastSwiftUpdateCheck = 1340;
				LastUpgradeCheck = 1340;
				TargetAttributes = {
					C623EEBF2886F97E00B4F36B = {
						CreatedOnToolsVersion = 13.4.1;
					};
					C623EED52886F97F00B4F36B = {
						CreatedOnToolsVersion = 13.4.1;
						TestTargetID = C623EEBF2886F97E00B4F36B;
					};
					C623EEDF2886F97F00B4F36B = {
						CreatedOnToolsVersion = 13.4.1;
						TestTargetID = C623EEBF2886F97E00B4F36B;
					};
				};
			};
			buildConfigurationList = C623EEBB2886F97E00B4F36B /* Build configuration list for PBXProject "Project6b" */;
			compatibilityVersion = "Xcode 13.0";
			developmentRegion = en;
			hasScannedForEncodings = 0;
			knownRegions = (
				en,
				Base,
			);
			mainGroup = C623EEB72886F97E00B4F36B;
			productRefGroup = C623EEC12886F97E00B4F36B /* Products */;
			projectDirPath = "";
			projectRoot = "";
			targets = (
				C623EEBF2886F97E00B4F36B /* Project6b */,
				C623EED52886F97F00B4F36B /* Project6bTests */,
				C623EEDF2886F97F00B4F36B /* Project6bUITests */,
			);
		};
/* End PBXProject section */

/* Begin PBXResourcesBuildPhase section */
		C623EEBE2886F97E00B4F36B /* Resources */ = {
			isa = PBXResourcesBuildPhase;
			buildActionMask = 2147483647;
			files = (
				C623EED02886F97F00B4F36B /* LaunchScreen.storyboard in Resources */,
				C623EECD2886F97F00B4F36B /* Assets.xcassets in Resources */,
				C623EECB2886F97E00B4F36B /* Main.storyboard in Resources */,
			);
			runOnlyForDeploymentPostprocessing = 0;
		};
		C623EED42886F97F00B4F36B /* Resources */ = {
			isa = PBXResourcesBuildPhase;
			buildActionMask = 2147483647;
			files = (
			);
			runOnlyForDeploymentPostprocessing = 0;
		};
		C623EEDE2886F97F00B4F36B /* Resources */ = {
			isa = PBXResourcesBuildPhase;
			buildActionMask = 2147483647;
			files = (
			);
			runOnlyForDeploymentPostprocessing = 0;
		};
/* End PBXResourcesBuildPhase section */

/* Begin PBXSourcesBuildPhase section */
		C623EEBC2886F97E00B4F36B /* Sources */ = {
			isa = PBXSourcesBuildPhase;
			buildActionMask = 2147483647;
			files = (
				C623EEC82886F97E00B4F36B /* ViewController.swift in Sources */,
				C623EEC42886F97E00B4F36B /* AppDelegate.swift in Sources */,
				C623EEC62886F97E00B4F36B /* SceneDelegate.swift in Sources */,
			);
			runOnlyForDeploymentPostprocessing = 0;
		};
		C623EED22886F97F00B4F36B /* Sources */ = {
			isa = PBXSourcesBuildPhase;
			buildActionMask = 2147483647;
			files = (
				C623EEDB2886F97F00B4F36B /* Project6bTests.swift in Sources */,
			);
			runOnlyForDeploymentPostprocessing = 0;
		};
		C623EEDC2886F97F00B4F36B /* Sources */ = {
			isa = PBXSourcesBuildPhase;
			buildActionMask = 2147483647;
			files = (
				C623EEE72886F97F00B4F36B /* Project6bUITestsLaunchTests.swift in Sources */,
				C623EEE52886F97F00B4F36B /* Project6bUITests.swift in Sources */,
			);
			runOnlyForDeploymentPostprocessing = 0;
		};
/* End PBXSourcesBuildPhase section */

/* Begin PBXTargetDependency section */
		C623EED82886F97F00B4F36B /* PBXTargetDependency */ = {
			isa = PBXTargetDependency;
			target = C623EEBF2886F97E00B4F36B /* Project6b */;
			targetProxy = C623EED72886F97F00B4F36B /* PBXContainerItemProxy */;
		};
		C623EEE22886F97F00B4F36B /* PBXTargetDependency */ = {
			isa = PBXTargetDependency;
			target = C623EEBF2886F97E00B4F36B /* Project6b */;
			targetProxy = C623EEE12886F97F00B4F36B /* PBXContainerItemProxy */;
		};
/* End PBXTargetDependency section */

/* Begin PBXVariantGroup section */
		C623EEC92886F97E00B4F36B /* Main.storyboard */ = {
			isa = PBXVariantGroup;
			children = (
				C623EECA2886F97E00B4F36B /* Base */,
			);
			name = Main.storyboard;
			sourceTree = "<group>";
		};
		C623EECE2886F97F00B4F36B /* LaunchScreen.storyboard */ = {
			isa = PBXVariantGroup;
			children = (
				C623EECF2886F97F00B4F36B /* Base */,
			);
			name = LaunchScreen.storyboard;
			sourceTree = "<group>";
		};
/* End PBXVariantGroup section */

/* Begin XCBuildConfiguration section */
		C623EEE82886F97F00B4F36B /* Debug */ = {
			isa = XCBuildConfiguration;
			buildSettings = {
				ALWAYS_SEARCH_USER_PATHS = NO;
				CLANG_ANALYZER_NONNULL = YES;
				CLANG_ANALYZER_NUMBER_OBJECT_CONVERSION = YES_AGGRESSIVE;
				CLANG_CXX_LANGUAGE_STANDARD = "gnu++17";
				CLANG_ENABLE_MODULES = YES;
				CLANG_ENABLE_OBJC_ARC = YES;
				CLANG_ENABLE_OBJC_WEAK = YES;
				CLANG_WARN_BLOCK_CAPTURE_AUTORELEASING = YES;
				CLANG_WARN_BOOL_CONVERSION = YES;
				CLANG_WARN_COMMA = YES;
				CLANG_WARN_CONSTANT_CONVERSION = YES;
				CLANG_WARN_DEPRECATED_OBJC_IMPLEMENTATIONS = YES;
				CLANG_WARN_DIRECT_OBJC_ISA_USAGE = YES_ERROR;
				CLANG_WARN_DOCUMENTATION_COMMENTS = YES;
				CLANG_WARN_EMPTY_BODY = YES;
				CLANG_WARN_ENUM_CONVERSION = YES;
				CLANG_WARN_INFINITE_RECURSION = YES;
				CLANG_WARN_INT_CONVERSION = YES;
				CLANG_WARN_NON_LITERAL_NULL_CONVERSION = YES;
				CLANG_WARN_OBJC_IMPLICIT_RETAIN_SELF = YES;
				CLANG_WARN_OBJC_LITERAL_CONVERSION = YES;
				CLANG_WARN_OBJC_ROOT_CLASS = YES_ERROR;
				CLANG_WARN_QUOTED_INCLUDE_IN_FRAMEWORK_HEADER = YES;
				CLANG_WARN_RANGE_LOOP_ANALYSIS = YES;
				CLANG_WARN_STRICT_PROTOTYPES = YES;
				CLANG_WARN_SUSPICIOUS_MOVE = YES;
				CLANG_WARN_UNGUARDED_AVAILABILITY = YES_AGGRESSIVE;
				CLANG_WARN_UNREACHABLE_CODE = YES;
				CLANG_WARN__DUPLICATE_METHOD_MATCH = YES;
				COPY_PHASE_STRIP = NO;
				DEBUG_INFORMATION_FORMAT = dwarf;
				ENABLE_STRICT_OBJC_MSGSEND = YES;
				ENABLE_TESTABILITY = YES;
				GCC_C_LANGUAGE_STANDARD = gnu11;
				GCC_DYNAMIC_NO_PIC = NO;
				GCC_NO_COMMON_BLOCKS = YES;
				GCC_OPTIMIZATION_LEVEL = 0;
				GCC_PREPROCESSOR_DEFINITIONS = (
					"DEBUG=1",
					"$(inherited)",
				);
				GCC_WARN_64_TO_32_BIT_CONVERSION = YES;
				GCC_WARN_ABOUT_RETURN_TYPE = YES_ERROR;
				GCC_WARN_UNDECLARED_SELECTOR = YES;
				GCC_WARN_UNINITIALIZED_AUTOS = YES_AGGRESSIVE;
				GCC_WARN_UNUSED_FUNCTION = YES;
				GCC_WARN_UNUSED_VARIABLE = YES;
				IPHONEOS_DEPLOYMENT_TARGET = 15.5;
				MTL_ENABLE_DEBUG_INFO = INCLUDE_SOURCE;
				MTL_FAST_MATH = YES;
				ONLY_ACTIVE_ARCH = YES;
				SDKROOT = iphoneos;
				SWIFT_ACTIVE_COMPILATION_CONDITIONS = DEBUG;
				SWIFT_OPTIMIZATION_LEVEL = "-Onone";
			};
			name = Debug;
		};
		C623EEE92886F97F00B4F36B /* Release */ = {
			isa = XCBuildConfiguration;
			buildSettings = {
				ALWAYS_SEARCH_USER_PATHS = NO;
				CLANG_ANALYZER_NONNULL = YES;
				CLANG_ANALYZER_NUMBER_OBJECT_CONVERSION = YES_AGGRESSIVE;
				CLANG_CXX_LANGUAGE_STANDARD = "gnu++17";
				CLANG_ENABLE_MODULES = YES;
				CLANG_ENABLE_OBJC_ARC = YES;
				CLANG_ENABLE_OBJC_WEAK = YES;
				CLANG_WARN_BLOCK_CAPTURE_AUTORELEASING = YES;
				CLANG_WARN_BOOL_CONVERSION = YES;
				CLANG_WARN_COMMA = YES;
				CLANG_WARN_CONSTANT_CONVERSION = YES;
				CLANG_WARN_DEPRECATED_OBJC_IMPLEMENTATIONS = YES;
				CLANG_WARN_DIRECT_OBJC_ISA_USAGE = YES_ERROR;
				CLANG_WARN_DOCUMENTATION_COMMENTS = YES;
				CLANG_WARN_EMPTY_BODY = YES;
				CLANG_WARN_ENUM_CONVERSION = YES;
				CLANG_WARN_INFINITE_RECURSION = YES;
				CLANG_WARN_INT_CONVERSION = YES;
				CLANG_WARN_NON_LITERAL_NULL_CONVERSION = YES;
				CLANG_WARN_OBJC_IMPLICIT_RETAIN_SELF = YES;
				CLANG_WARN_OBJC_LITERAL_CONVERSION = YES;
				CLANG_WARN_OBJC_ROOT_CLASS = YES_ERROR;
				CLANG_WARN_QUOTED_INCLUDE_IN_FRAMEWORK_HEADER = YES;
				CLANG_WARN_RANGE_LOOP_ANALYSIS = YES;
				CLANG_WARN_STRICT_PROTOTYPES = YES;
				CLANG_WARN_SUSPICIOUS_MOVE = YES;
				CLANG_WARN_UNGUARDED_AVAILABILITY = YES_AGGRESSIVE;
				CLANG_WARN_UNREACHABLE_CODE = YES;
				CLANG_WARN__DUPLICATE_METHOD_MATCH = YES;
				COPY_PHASE_STRIP = NO;
				DEBUG_INFORMATION_FORMAT = "dwarf-with-dsym";
				ENABLE_NS_ASSERTIONS = NO;
				ENABLE_STRICT_OBJC_MSGSEND = YES;
				GCC_C_LANGUAGE_STANDARD = gnu11;
				GCC_NO_COMMON_BLOCKS = YES;
				GCC_WARN_64_TO_32_BIT_CONVERSION = YES;
				GCC_WARN_ABOUT_RETURN_TYPE = YES_ERROR;
				GCC_WARN_UNDECLARED_SELECTOR = YES;
				GCC_WARN_UNINITIALIZED_AUTOS = YES_AGGRESSIVE;
				GCC_WARN_UNUSED_FUNCTION = YES;
				GCC_WARN_UNUSED_VARIABLE = YES;
				IPHONEOS_DEPLOYMENT_TARGET = 15.5;
				MTL_ENABLE_DEBUG_INFO = NO;
				MTL_FAST_MATH = YES;
				SDKROOT = iphoneos;
				SWIFT_COMPILATION_MODE = wholemodule;
				SWIFT_OPTIMIZATION_LEVEL = "-O";
				VALIDATE_PRODUCT = YES;
			};
			name = Release;
		};
		C623EEEB2886F97F00B4F36B /* Debug */ = {
			isa = XCBuildConfiguration;
			buildSettings = {
				ASSETCATALOG_COMPILER_APPICON_NAME = AppIcon;
				ASSETCATALOG_COMPILER_GLOBAL_ACCENT_COLOR_NAME = AccentColor;
				CODE_SIGN_STYLE = Automatic;
				CURRENT_PROJECT_VERSION = 1;
				DEVELOPMENT_TEAM = PC6H2T4R56;
				GENERATE_INFOPLIST_FILE = YES;
				INFOPLIST_FILE = Project6b/Info.plist;
				INFOPLIST_KEY_UIApplicationSupportsIndirectInputEvents = YES;
				INFOPLIST_KEY_UILaunchStoryboardName = LaunchScreen;
				INFOPLIST_KEY_UIMainStoryboardFile = Main;
				INFOPLIST_KEY_UISupportedInterfaceOrientations_iPad = "UIInterfaceOrientationPortrait UIInterfaceOrientationPortraitUpsideDown UIInterfaceOrientationLandscapeLeft UIInterfaceOrientationLandscapeRight";
				INFOPLIST_KEY_UISupportedInterfaceOrientations_iPhone = "UIInterfaceOrientationPortrait UIInterfaceOrientationLandscapeLeft UIInterfaceOrientationLandscapeRight";
				LD_RUNPATH_SEARCH_PATHS = (
					"$(inherited)",
					"@executable_path/Frameworks",
				);
				MARKETING_VERSION = 1.0;
				PRODUCT_BUNDLE_IDENTIFIER = com.example.Project6b;
				PRODUCT_NAME = "$(TARGET_NAME)";
				SWIFT_EMIT_LOC_STRINGS = YES;
				SWIFT_VERSION = 5.0;
				TARGETED_DEVICE_FAMILY = "1,2";
			};
			name = Debug;
		};
		C623EEEC2886F97F00B4F36B /* Release */ = {
			isa = XCBuildConfiguration;
			buildSettings = {
				ASSETCATALOG_COMPILER_APPICON_NAME = AppIcon;
				ASSETCATALOG_COMPILER_GLOBAL_ACCENT_COLOR_NAME = AccentColor;
				CODE_SIGN_STYLE = Automatic;
				CURRENT_PROJECT_VERSION = 1;
				DEVELOPMENT_TEAM = PC6H2T4R56;
				GENERATE_INFOPLIST_FILE = YES;
				INFOPLIST_FILE = Project6b/Info.plist;
				INFOPLIST_KEY_UIApplicationSupportsIndirectInputEvents = YES;
				INFOPLIST_KEY_UILaunchStoryboardName = LaunchScreen;
				INFOPLIST_KEY_UIMainStoryboardFile = Main;
				INFOPLIST_KEY_UISupportedInterfaceOrientations_iPad = "UIInterfaceOrientationPortrait UIInterfaceOrientationPortraitUpsideDown UIInterfaceOrientationLandscapeLeft UIInterfaceOrientationLandscapeRight";
				INFOPLIST_KEY_UISupportedInterfaceOrientations_iPhone = "UIInterfaceOrientationPortrait UIInterfaceOrientationLandscapeLeft UIInterfaceOrientationLandscapeRight";
				LD_RUNPATH_SEARCH_PATHS = (
					"$(inherited)",
					"@executable_path/Frameworks",
				);
				MARKETING_VERSION = 1.0;
				PRODUCT_BUNDLE_IDENTIFIER = com.example.Project6b;
				PRODUCT_NAME = "$(TARGET_NAME)";
				SWIFT_EMIT_LOC_STRINGS = YES;
				SWIFT_VERSION = 5.0;
				TARGETED_DEVICE_FAMILY = "1,2";
			};
			name = Release;
		};
		C623EEEE2886F97F00B4F36B /* Debug */ = {
			isa = XCBuildConfiguration;
			buildSettings = {
				ALWAYS_EMBED_SWIFT_STANDARD_LIBRARIES = YES;
				BUNDLE_LOADER = "$(TEST_HOST)";
				CODE_SIGN_STYLE = Automatic;
				CURRENT_PROJECT_VERSION = 1;
				DEVELOPMENT_TEAM = PC6H2T4R56;
				GENERATE_INFOPLIST_FILE = YES;
				IPHONEOS_DEPLOYMENT_TARGET = 15.5;
				MARKETING_VERSION = 1.0;
				PRODUCT_BUNDLE_IDENTIFIER = com.example.Project6bTests;
				PRODUCT_NAME = "$(TARGET_NAME)";
				SWIFT_EMIT_LOC_STRINGS = NO;
				SWIFT_VERSION = 5.0;
				TARGETED_DEVICE_FAMILY = "1,2";
				TEST_HOST = "$(BUILT_PRODUCTS_DIR)/Project6b.app/Project6b";
			};
			name = Debug;
		};
		C623EEEF2886F97F00B4F36B /* Release */ = {
			isa = XCBuildConfiguration;
			buildSettings = {
				ALWAYS_EMBED_SWIFT_STANDARD_LIBRARIES = YES;
				BUNDLE_LOADER = "$(TEST_HOST)";
				CODE_SIGN_STYLE = Automatic;
				CURRENT_PROJECT_VERSION = 1;
				DEVELOPMENT_TEAM = PC6H2T4R56;
				GENERATE_INFOPLIST_FILE = YES;
				IPHONEOS_DEPLOYMENT_TARGET = 15.5;
				MARKETING_VERSION = 1.0;
				PRODUCT_BUNDLE_IDENTIFIER = com.example.Project6bTests;
				PRODUCT_NAME = "$(TARGET_NAME)";
				SWIFT_EMIT_LOC_STRINGS = NO;
				SWIFT_VERSION = 5.0;
				TARGETED_DEVICE_FAMILY = "1,2";
				TEST_HOST = "$(BUILT_PRODUCTS_DIR)/Project6b.app/Project6b";
			};
			name = Release;
		};
		C623EEF12886F97F00B4F36B /* Debug */ = {
			isa = XCBuildConfiguration;
			buildSettings = {
				ALWAYS_EMBED_SWIFT_STANDARD_LIBRARIES = YES;
				CODE_SIGN_STYLE = Automatic;
				CURRENT_PROJECT_VERSION = 1;
				DEVELOPMENT_TEAM = PC6H2T4R56;
				GENERATE_INFOPLIST_FILE = YES;
				MARKETING_VERSION = 1.0;
				PRODUCT_BUNDLE_IDENTIFIER = com.example.Project6bUITests;
				PRODUCT_NAME = "$(TARGET_NAME)";
				SWIFT_EMIT_LOC_STRINGS = NO;
				SWIFT_VERSION = 5.0;
				TARGETED_DEVICE_FAMILY = "1,2";
				TEST_TARGET_NAME = Project6b;
			};
			name = Debug;
		};
		C623EEF22886F97F00B4F36B /* Release */ = {
			isa = XCBuildConfiguration;
			buildSettings = {
				ALWAYS_EMBED_SWIFT_STANDARD_LIBRARIES = YES;
				CODE_SIGN_STYLE = Automatic;
				CURRENT_PROJECT_VERSION = 1;
				DEVELOPMENT_TEAM = PC6H2T4R56;
				GENERATE_INFOPLIST_FILE = YES;
				MARKETING_VERSION = 1.0;
				PRODUCT_BUNDLE_IDENTIFIER = com.example.Project6bUITests;
				PRODUCT_NAME = "$(TARGET_NAME)";
				SWIFT_EMIT_LOC_STRINGS = NO;
				SWIFT_VERSION = 5.0;
				TARGETED_DEVICE_FAMILY = "1,2";
				TEST_TARGET_NAME = Project6b;
			};
			name = Release;
		};
/* End XCBuildConfiguration section */

/* Begin XCConfigurationList section */
		C623EEBB2886F97E00B4F36B /* Build configuration list for PBXProject "Project6b" */ = {
			isa = XCConfigurationList;
			buildConfigurations = (
				C623EEE82886F97F00B4F36B /* Debug */,
				C623EEE92886F97F00B4F36B /* Release */,
			);
			defaultConfigurationIsVisible = 0;
			defaultConfigurationName = Release;
		};
		C623EEEA2886F97F00B4F36B /* Build configuration list for PBXNativeTarget "Project6b" */ = {
			isa = XCConfigurationList;
			buildConfigurations = (
				C623EEEB2886F97F00B4F36B /* Debug */,
				C623EEEC2886F97F00B4F36B /* Release */,
			);
			defaultConfigurationIsVisible = 0;
			defaultConfigurationName = Release;
		};
		C623EEED2886F97F00B4F36B /* Build configuration list for PBXNativeTarget "Project6bTests" */ = {
			isa = XCConfigurationList;
			buildConfigurations = (
				C623EEEE2886F97F00B4F36B /* Debug */,
				C623EEEF2886F97F00B4F36B /* Release */,
			);
			defaultConfigurationIsVisible = 0;
			defaultConfigurationName = Release;
		};
		C623EEF02886F97F00B4F36B /* Build configuration list for PBXNativeTarget "Project6bUITests" */ = {
			isa = XCConfigurationList;
			buildConfigurations = (
				C623EEF12886F97F00B4F36B /* Debug */,
				C623EEF22886F97F00B4F36B /* Release */,
			);
			defaultConfigurationIsVisible = 0;
			defaultConfigurationName = Release;
		};
/* End XCConfigurationList section */
	};
	rootObject = C623EEB82886F97E00B4F36B /* Project object */;
}
