// !$*UTF8*$!
{
	archiveVersion = 1;
	classes = {
	};
	objectVersion = 55;
	objects = {

/* Begin PBXBuildFile section */
		C62395FA28A7D7AD008F0B67 /* AppDelegate.swift in Sources */ = {isa = PBXBuildFile; fileRef = C62395F928A7D7AD008F0B67 /* AppDelegate.swift */; };
		C62395FC28A7D7AD008F0B67 /* SceneDelegate.swift in Sources */ = {isa = PBXBuildFile; fileRef = C62395FB28A7D7AD008F0B67 /* SceneDelegate.swift */; };
		C62395FE28A7D7AD008F0B67 /* ViewController.swift in Sources */ = {isa = PBXBuildFile; fileRef = C62395FD28A7D7AD008F0B67 /* ViewController.swift */; };
		C623960128A7D7AD008F0B67 /* Main.storyboard in Resources */ = {isa = PBXBuildFile; fileRef = C62395FF28A7D7AD008F0B67 /* Main.storyboard */; };
		C623960328A7D7AD008F0B67 /* Assets.xcassets in Resources */ = {isa = PBXBuildFile; fileRef = C623960228A7D7AD008F0B67 /* Assets.xcassets */; };
		C623960628A7D7AD008F0B67 /* LaunchScreen.storyboard in Resources */ = {isa = PBXBuildFile; fileRef = C623960428A7D7AD008F0B67 /* LaunchScreen.storyboard */; };
		C623961128A7D7AE008F0B67 /* day41Tests.swift in Sources */ = {isa = PBXBuildFile; fileRef = C623961028A7D7AE008F0B67 /* day41Tests.swift */; };
		C623961B28A7D7AE008F0B67 /* day41UITests.swift in Sources */ = {isa = PBXBuildFile; fileRef = C623961A28A7D7AE008F0B67 /* day41UITests.swift */; };
		C623961D28A7D7AE008F0B67 /* day41UITestsLaunchTests.swift in Sources */ = {isa = PBXBuildFile; fileRef = C623961C28A7D7AE008F0B67 /* day41UITestsLaunchTests.swift */; };
/* End PBXBuildFile section */

/* Begin PBXContainerItemProxy section */
		C623960D28A7D7AD008F0B67 /* PBXContainerItemProxy */ = {
			isa = PBXContainerItemProxy;
			containerPortal = C62395EE28A7D7AD008F0B67 /* Project object */;
			proxyType = 1;
			remoteGlobalIDString = C62395F528A7D7AD008F0B67;
			remoteInfo = day41;
		};
		C623961728A7D7AE008F0B67 /* PBXContainerItemProxy */ = {
			isa = PBXContainerItemProxy;
			containerPortal = C62395EE28A7D7AD008F0B67 /* Project object */;
			proxyType = 1;
			remoteGlobalIDString = C62395F528A7D7AD008F0B67;
			remoteInfo = day41;
		};
/* End PBXContainerItemProxy section */

/* Begin PBXFileReference section */
		C62395F628A7D7AD008F0B67 /* day41.app */ = {isa = PBXFileReference; explicitFileType = wrapper.application; includeInIndex = 0; path = day41.app; sourceTree = BUILT_PRODUCTS_DIR; };
		C62395F928A7D7AD008F0B67 /* AppDelegate.swift */ = {isa = PBXFileReference; lastKnownFileType = sourcecode.swift; path = AppDelegate.swift; sourceTree = "<group>"; };
		C62395FB28A7D7AD008F0B67 /* SceneDelegate.swift */ = {isa = PBXFileReference; lastKnownFileType = sourcecode.swift; path = SceneDelegate.swift; sourceTree = "<group>"; };
		C62395FD28A7D7AD008F0B67 /* ViewController.swift */ = {isa = PBXFileReference; lastKnownFileType = sourcecode.swift; path = ViewController.swift; sourceTree = "<group>"; };
		C623960028A7D7AD008F0B67 /* Base */ = {isa = PBXFileReference; lastKnownFileType = file.storyboard; name = Base; path = Base.lproj/Main.storyboard; sourceTree = "<group>"; };
		C623960228A7D7AD008F0B67 /* Assets.xcassets */ = {isa = PBXFileReference; lastKnownFileType = folder.assetcatalog; path = Assets.xcassets; sourceTree = "<group>"; };
		C623960528A7D7AD008F0B67 /* Base */ = {isa = PBXFileReference; lastKnownFileType = file.storyboard; name = Base; path = Base.lproj/LaunchScreen.storyboard; sourceTree = "<group>"; };
		C623960728A7D7AD008F0B67 /* Info.plist */ = {isa = PBXFileReference; lastKnownFileType = text.plist.xml; path = Info.plist; sourceTree = "<group>"; };
		C623960C28A7D7AD008F0B67 /* day41Tests.xctest */ = {isa = PBXFileReference; explicitFileType = wrapper.cfbundle; includeInIndex = 0; path = day41Tests.xctest; sourceTree = BUILT_PRODUCTS_DIR; };
		C623961028A7D7AE008F0B67 /* day41Tests.swift */ = {isa = PBXFileReference; lastKnownFileType = sourcecode.swift; path = day41Tests.swift; sourceTree = "<group>"; };
		C623961628A7D7AE008F0B67 /* day41UITests.xctest */ = {isa = PBXFileReference; explicitFileType = wrapper.cfbundle; includeInIndex = 0; path = day41UITests.xctest; sourceTree = BUILT_PRODUCTS_DIR; };
		C623961A28A7D7AE008F0B67 /* day41UITests.swift */ = {isa = PBXFileReference; lastKnownFileType = sourcecode.swift; path = day41UITests.swift; sourceTree = "<group>"; };
		C623961C28A7D7AE008F0B67 /* day41UITestsLaunchTests.swift */ = {isa = PBXFileReference; lastKnownFileType = sourcecode.swift; path = day41UITestsLaunchTests.swift; sourceTree = "<group>"; };
/* End PBXFileReference section */

/* Begin PBXFrameworksBuildPhase section */
		C62395F328A7D7AD008F0B67 /* Frameworks */ = {
			isa = PBXFrameworksBuildPhase;
			buildActionMask = 2147483647;
			files = (
			);
			runOnlyForDeploymentPostprocessing = 0;
		};
		C623960928A7D7AD008F0B67 /* Frameworks */ = {
			isa = PBXFrameworksBuildPhase;
			buildActionMask = 2147483647;
			files = (
			);
			runOnlyForDeploymentPostprocessing = 0;
		};
		C623961328A7D7AE008F0B67 /* Frameworks */ = {
			isa = PBXFrameworksBuildPhase;
			buildActionMask = 2147483647;
			files = (
			);
			runOnlyForDeploymentPostprocessing = 0;
		};
/* End PBXFrameworksBuildPhase section */

/* Begin PBXGroup section */
		C62395ED28A7D7AD008F0B67 = {
			isa = PBXGroup;
			children = (
				C62395F828A7D7AD008F0B67 /* day41 */,
				C623960F28A7D7AE008F0B67 /* day41Tests */,
				C623961928A7D7AE008F0B67 /* day41UITests */,
				C62395F728A7D7AD008F0B67 /* Products */,
			);
			sourceTree = "<group>";
		};
		C62395F728A7D7AD008F0B67 /* Products */ = {
			isa = PBXGroup;
			children = (
				C62395F628A7D7AD008F0B67 /* day41.app */,
				C623960C28A7D7AD008F0B67 /* day41Tests.xctest */,
				C623961628A7D7AE008F0B67 /* day41UITests.xctest */,
			);
			name = Products;
			sourceTree = "<group>";
		};
		C62395F828A7D7AD008F0B67 /* day41 */ = {
			isa = PBXGroup;
			children = (
				C62395F928A7D7AD008F0B67 /* AppDelegate.swift */,
				C62395FB28A7D7AD008F0B67 /* SceneDelegate.swift */,
				C62395FD28A7D7AD008F0B67 /* ViewController.swift */,
				C62395FF28A7D7AD008F0B67 /* Main.storyboard */,
				C623960228A7D7AD008F0B67 /* Assets.xcassets */,
				C623960428A7D7AD008F0B67 /* LaunchScreen.storyboard */,
				C623960728A7D7AD008F0B67 /* Info.plist */,
			);
			path = day41;
			sourceTree = "<group>";
		};
		C623960F28A7D7AE008F0B67 /* day41Tests */ = {
			isa = PBXGroup;
			children = (
				C623961028A7D7AE008F0B67 /* day41Tests.swift */,
			);
			path = day41Tests;
			sourceTree = "<group>";
		};
		C623961928A7D7AE008F0B67 /* day41UITests */ = {
			isa = PBXGroup;
			children = (
				C623961A28A7D7AE008F0B67 /* day41UITests.swift */,
				C623961C28A7D7AE008F0B67 /* day41UITestsLaunchTests.swift */,
			);
			path = day41UITests;
			sourceTree = "<group>";
		};
/* End PBXGroup section */

/* Begin PBXNativeTarget section */
		C62395F528A7D7AD008F0B67 /* day41 */ = {
			isa = PBXNativeTarget;
			buildConfigurationList = C623962028A7D7AE008F0B67 /* Build configuration list for PBXNativeTarget "day41" */;
			buildPhases = (
				C62395F228A7D7AD008F0B67 /* Sources */,
				C62395F328A7D7AD008F0B67 /* Frameworks */,
				C62395F428A7D7AD008F0B67 /* Resources */,
			);
			buildRules = (
			);
			dependencies = (
			);
			name = day41;
			productName = day41;
			productReference = C62395F628A7D7AD008F0B67 /* day41.app */;
			productType = "com.apple.product-type.application";
		};
		C623960B28A7D7AD008F0B67 /* day41Tests */ = {
			isa = PBXNativeTarget;
			buildConfigurationList = C623962328A7D7AE008F0B67 /* Build configuration list for PBXNativeTarget "day41Tests" */;
			buildPhases = (
				C623960828A7D7AD008F0B67 /* Sources */,
				C623960928A7D7AD008F0B67 /* Frameworks */,
				C623960A28A7D7AD008F0B67 /* Resources */,
			);
			buildRules = (
			);
			dependencies = (
				C623960E28A7D7AD008F0B67 /* PBXTargetDependency */,
			);
			name = day41Tests;
			productName = day41Tests;
			productReference = C623960C28A7D7AD008F0B67 /* day41Tests.xctest */;
			productType = "com.apple.product-type.bundle.unit-test";
		};
		C623961528A7D7AE008F0B67 /* day41UITests */ = {
			isa = PBXNativeTarget;
			buildConfigurationList = C623962628A7D7AE008F0B67 /* Build configuration list for PBXNativeTarget "day41UITests" */;
			buildPhases = (
				C623961228A7D7AE008F0B67 /* Sources */,
				C623961328A7D7AE008F0B67 /* Frameworks */,
				C623961428A7D7AE008F0B67 /* Resources */,
			);
			buildRules = (
			);
			dependencies = (
				C623961828A7D7AE008F0B67 /* PBXTargetDependency */,
			);
			name = day41UITests;
			productName = day41UITests;
			productReference = C623961628A7D7AE008F0B67 /* day41UITests.xctest */;
			productType = "com.apple.product-type.bundle.ui-testing";
		};
/* End PBXNativeTarget section */

/* Begin PBXProject section */
		C62395EE28A7D7AD008F0B67 /* Project object */ = {
			isa = PBXProject;
			attributes = {
				BuildIndependentTargetsInParallel = 1;
				LastSwiftUpdateCheck = 1340;
				LastUpgradeCheck = 1340;
				TargetAttributes = {
					C62395F528A7D7AD008F0B67 = {
						CreatedOnToolsVersion = 13.4.1;
					};
					C623960B28A7D7AD008F0B67 = {
						CreatedOnToolsVersion = 13.4.1;
						TestTargetID = C62395F528A7D7AD008F0B67;
					};
					C623961528A7D7AE008F0B67 = {
						CreatedOnToolsVersion = 13.4.1;
						TestTargetID = C62395F528A7D7AD008F0B67;
					};
				};
			};
			buildConfigurationList = C62395F128A7D7AD008F0B67 /* Build configuration list for PBXProject "day41" */;
			compatibilityVersion = "Xcode 13.0";
			developmentRegion = en;
			hasScannedForEncodings = 0;
			knownRegions = (
				en,
				Base,
			);
			mainGroup = C62395ED28A7D7AD008F0B67;
			productRefGroup = C62395F728A7D7AD008F0B67 /* Products */;
			projectDirPath = "";
			projectRoot = "";
			targets = (
				C62395F528A7D7AD008F0B67 /* day41 */,
				C623960B28A7D7AD008F0B67 /* day41Tests */,
				C623961528A7D7AE008F0B67 /* day41UITests */,
			);
		};
/* End PBXProject section */

/* Begin PBXResourcesBuildPhase section */
		C62395F428A7D7AD008F0B67 /* Resources */ = {
			isa = PBXResourcesBuildPhase;
			buildActionMask = 2147483647;
			files = (
				C623960628A7D7AD008F0B67 /* LaunchScreen.storyboard in Resources */,
				C623960328A7D7AD008F0B67 /* Assets.xcassets in Resources */,
				C623960128A7D7AD008F0B67 /* Main.storyboard in Resources */,
			);
			runOnlyForDeploymentPostprocessing = 0;
		};
		C623960A28A7D7AD008F0B67 /* Resources */ = {
			isa = PBXResourcesBuildPhase;
			buildActionMask = 2147483647;
			files = (
			);
			runOnlyForDeploymentPostprocessing = 0;
		};
		C623961428A7D7AE008F0B67 /* Resources */ = {
			isa = PBXResourcesBuildPhase;
			buildActionMask = 2147483647;
			files = (
			);
			runOnlyForDeploymentPostprocessing = 0;
		};
/* End PBXResourcesBuildPhase section */

/* Begin PBXSourcesBuildPhase section */
		C62395F228A7D7AD008F0B67 /* Sources */ = {
			isa = PBXSourcesBuildPhase;
			buildActionMask = 2147483647;
			files = (
				C62395FE28A7D7AD008F0B67 /* ViewController.swift in Sources */,
				C62395FA28A7D7AD008F0B67 /* AppDelegate.swift in Sources */,
				C62395FC28A7D7AD008F0B67 /* SceneDelegate.swift in Sources */,
			);
			runOnlyForDeploymentPostprocessing = 0;
		};
		C623960828A7D7AD008F0B67 /* Sources */ = {
			isa = PBXSourcesBuildPhase;
			buildActionMask = 2147483647;
			files = (
				C623961128A7D7AE008F0B67 /* day41Tests.swift in Sources */,
			);
			runOnlyForDeploymentPostprocessing = 0;
		};
		C623961228A7D7AE008F0B67 /* Sources */ = {
			isa = PBXSourcesBuildPhase;
			buildActionMask = 2147483647;
			files = (
				C623961D28A7D7AE008F0B67 /* day41UITestsLaunchTests.swift in Sources */,
				C623961B28A7D7AE008F0B67 /* day41UITests.swift in Sources */,
			);
			runOnlyForDeploymentPostprocessing = 0;
		};
/* End PBXSourcesBuildPhase section */

/* Begin PBXTargetDependency section */
		C623960E28A7D7AD008F0B67 /* PBXTargetDependency */ = {
			isa = PBXTargetDependency;
			target = C62395F528A7D7AD008F0B67 /* day41 */;
			targetProxy = C623960D28A7D7AD008F0B67 /* PBXContainerItemProxy */;
		};
		C623961828A7D7AE008F0B67 /* PBXTargetDependency */ = {
			isa = PBXTargetDependency;
			target = C62395F528A7D7AD008F0B67 /* day41 */;
			targetProxy = C623961728A7D7AE008F0B67 /* PBXContainerItemProxy */;
		};
/* End PBXTargetDependency section */

/* Begin PBXVariantGroup section */
		C62395FF28A7D7AD008F0B67 /* Main.storyboard */ = {
			isa = PBXVariantGroup;
			children = (
				C623960028A7D7AD008F0B67 /* Base */,
			);
			name = Main.storyboard;
			sourceTree = "<group>";
		};
		C623960428A7D7AD008F0B67 /* LaunchScreen.storyboard */ = {
			isa = PBXVariantGroup;
			children = (
				C623960528A7D7AD008F0B67 /* Base */,
			);
			name = LaunchScreen.storyboard;
			sourceTree = "<group>";
		};
/* End PBXVariantGroup section */

/* Begin XCBuildConfiguration section */
		C623961E28A7D7AE008F0B67 /* Debug */ = {
			isa = XCBuildConfiguration;
			buildSettings = {
				ALWAYS_SEARCH_USER_PATHS = NO;
				CLANG_ANALYZER_NONNULL = YES;
				CLANG_ANALYZER_NUMBER_OBJECT_CONVERSION = YES_AGGRESSIVE;
				CLANG_CXX_LANGUAGE_STANDARD = "gnu++17";
				CLANG_ENABLE_MODULES = YES;
				CLANG_ENABLE_OBJC_ARC = YES;
				CLANG_ENABLE_OBJC_WEAK = YES;
				CLANG_WARN_BLOCK_CAPTURE_AUTORELEASING = YES;
				CLANG_WARN_BOOL_CONVERSION = YES;
				CLANG_WARN_COMMA = YES;
				CLANG_WARN_CONSTANT_CONVERSION = YES;
				CLANG_WARN_DEPRECATED_OBJC_IMPLEMENTATIONS = YES;
				CLANG_WARN_DIRECT_OBJC_ISA_USAGE = YES_ERROR;
				CLANG_WARN_DOCUMENTATION_COMMENTS = YES;
				CLANG_WARN_EMPTY_BODY = YES;
				CLANG_WARN_ENUM_CONVERSION = YES;
				CLANG_WARN_INFINITE_RECURSION = YES;
				CLANG_WARN_INT_CONVERSION = YES;
				CLANG_WARN_NON_LITERAL_NULL_CONVERSION = YES;
				CLANG_WARN_OBJC_IMPLICIT_RETAIN_SELF = YES;
				CLANG_WARN_OBJC_LITERAL_CONVERSION = YES;
				CLANG_WARN_OBJC_ROOT_CLASS = YES_ERROR;
				CLANG_WARN_QUOTED_INCLUDE_IN_FRAMEWORK_HEADER = YES;
				CLANG_WARN_RANGE_LOOP_ANALYSIS = YES;
				CLANG_WARN_STRICT_PROTOTYPES = YES;
				CLANG_WARN_SUSPICIOUS_MOVE = YES;
				CLANG_WARN_UNGUARDED_AVAILABILITY = YES_AGGRESSIVE;
				CLANG_WARN_UNREACHABLE_CODE = YES;
				CLANG_WARN__DUPLICATE_METHOD_MATCH = YES;
				COPY_PHASE_STRIP = NO;
				DEBUG_INFORMATION_FORMAT = dwarf;
				ENABLE_STRICT_OBJC_MSGSEND = YES;
				ENABLE_TESTABILITY = YES;
				GCC_C_LANGUAGE_STANDARD = gnu11;
				GCC_DYNAMIC_NO_PIC = NO;
				GCC_NO_COMMON_BLOCKS = YES;
				GCC_OPTIMIZATION_LEVEL = 0;
				GCC_PREPROCESSOR_DEFINITIONS = (
					"DEBUG=1",
					"$(inherited)",
				);
				GCC_WARN_64_TO_32_BIT_CONVERSION = YES;
				GCC_WARN_ABOUT_RETURN_TYPE = YES_ERROR;
				GCC_WARN_UNDECLARED_SELECTOR = YES;
				GCC_WARN_UNINITIALIZED_AUTOS = YES_AGGRESSIVE;
				GCC_WARN_UNUSED_FUNCTION = YES;
				GCC_WARN_UNUSED_VARIABLE = YES;
				IPHONEOS_DEPLOYMENT_TARGET = 15.5;
				MTL_ENABLE_DEBUG_INFO = INCLUDE_SOURCE;
				MTL_FAST_MATH = YES;
				ONLY_ACTIVE_ARCH = YES;
				SDKROOT = iphoneos;
				SWIFT_ACTIVE_COMPILATION_CONDITIONS = DEBUG;
				SWIFT_OPTIMIZATION_LEVEL = "-Onone";
			};
			name = Debug;
		};
		C623961F28A7D7AE008F0B67 /* Release */ = {
			isa = XCBuildConfiguration;
			buildSettings = {
				ALWAYS_SEARCH_USER_PATHS = NO;
				CLANG_ANALYZER_NONNULL = YES;
				CLANG_ANALYZER_NUMBER_OBJECT_CONVERSION = YES_AGGRESSIVE;
				CLANG_CXX_LANGUAGE_STANDARD = "gnu++17";
				CLANG_ENABLE_MODULES = YES;
				CLANG_ENABLE_OBJC_ARC = YES;
				CLANG_ENABLE_OBJC_WEAK = YES;
				CLANG_WARN_BLOCK_CAPTURE_AUTORELEASING = YES;
				CLANG_WARN_BOOL_CONVERSION = YES;
				CLANG_WARN_COMMA = YES;
				CLANG_WARN_CONSTANT_CONVERSION = YES;
				CLANG_WARN_DEPRECATED_OBJC_IMPLEMENTATIONS = YES;
				CLANG_WARN_DIRECT_OBJC_ISA_USAGE = YES_ERROR;
				CLANG_WARN_DOCUMENTATION_COMMENTS = YES;
				CLANG_WARN_EMPTY_BODY = YES;
				CLANG_WARN_ENUM_CONVERSION = YES;
				CLANG_WARN_INFINITE_RECURSION = YES;
				CLANG_WARN_INT_CONVERSION = YES;
				CLANG_WARN_NON_LITERAL_NULL_CONVERSION = YES;
				CLANG_WARN_OBJC_IMPLICIT_RETAIN_SELF = YES;
				CLANG_WARN_OBJC_LITERAL_CONVERSION = YES;
				CLANG_WARN_OBJC_ROOT_CLASS = YES_ERROR;
				CLANG_WARN_QUOTED_INCLUDE_IN_FRAMEWORK_HEADER = YES;
				CLANG_WARN_RANGE_LOOP_ANALYSIS = YES;
				CLANG_WARN_STRICT_PROTOTYPES = YES;
				CLANG_WARN_SUSPICIOUS_MOVE = YES;
				CLANG_WARN_UNGUARDED_AVAILABILITY = YES_AGGRESSIVE;
				CLANG_WARN_UNREACHABLE_CODE = YES;
				CLANG_WARN__DUPLICATE_METHOD_MATCH = YES;
				COPY_PHASE_STRIP = NO;
				DEBUG_INFORMATION_FORMAT = "dwarf-with-dsym";
				ENABLE_NS_ASSERTIONS = NO;
				ENABLE_STRICT_OBJC_MSGSEND = YES;
				GCC_C_LANGUAGE_STANDARD = gnu11;
				GCC_NO_COMMON_BLOCKS = YES;
				GCC_WARN_64_TO_32_BIT_CONVERSION = YES;
				GCC_WARN_ABOUT_RETURN_TYPE = YES_ERROR;
				GCC_WARN_UNDECLARED_SELECTOR = YES;
				GCC_WARN_UNINITIALIZED_AUTOS = YES_AGGRESSIVE;
				GCC_WARN_UNUSED_FUNCTION = YES;
				GCC_WARN_UNUSED_VARIABLE = YES;
				IPHONEOS_DEPLOYMENT_TARGET = 15.5;
				MTL_ENABLE_DEBUG_INFO = NO;
				MTL_FAST_MATH = YES;
				SDKROOT = iphoneos;
				SWIFT_COMPILATION_MODE = wholemodule;
				SWIFT_OPTIMIZATION_LEVEL = "-O";
				VALIDATE_PRODUCT = YES;
			};
			name = Release;
		};
		C623962128A7D7AE008F0B67 /* Debug */ = {
			isa = XCBuildConfiguration;
			buildSettings = {
				ASSETCATALOG_COMPILER_APPICON_NAME = AppIcon;
				ASSETCATALOG_COMPILER_GLOBAL_ACCENT_COLOR_NAME = AccentColor;
				CODE_SIGN_STYLE = Automatic;
				CURRENT_PROJECT_VERSION = 1;
				DEVELOPMENT_TEAM = PC6H2T4R56;
				GENERATE_INFOPLIST_FILE = YES;
				INFOPLIST_FILE = day41/Info.plist;
				INFOPLIST_KEY_UIApplicationSupportsIndirectInputEvents = YES;
				INFOPLIST_KEY_UILaunchStoryboardName = LaunchScreen;
				INFOPLIST_KEY_UIMainStoryboardFile = Main;
				INFOPLIST_KEY_UISupportedInterfaceOrientations_iPad = "UIInterfaceOrientationPortrait UIInterfaceOrientationPortraitUpsideDown UIInterfaceOrientationLandscapeLeft UIInterfaceOrientationLandscapeRight";
				INFOPLIST_KEY_UISupportedInterfaceOrientations_iPhone = "UIInterfaceOrientationPortrait UIInterfaceOrientationLandscapeLeft UIInterfaceOrientationLandscapeRight";
				LD_RUNPATH_SEARCH_PATHS = (
					"$(inherited)",
					"@executable_path/Frameworks",
				);
				MARKETING_VERSION = 1.0;
				PRODUCT_BUNDLE_IDENTIFIER = com.example.day41;
				PRODUCT_NAME = "$(TARGET_NAME)";
				SWIFT_EMIT_LOC_STRINGS = YES;
				SWIFT_VERSION = 5.0;
				TARGETED_DEVICE_FAMILY = "1,2";
			};
			name = Debug;
		};
		C623962228A7D7AE008F0B67 /* Release */ = {
			isa = XCBuildConfiguration;
			buildSettings = {
				ASSETCATALOG_COMPILER_APPICON_NAME = AppIcon;
				ASSETCATALOG_COMPILER_GLOBAL_ACCENT_COLOR_NAME = AccentColor;
				CODE_SIGN_STYLE = Automatic;
				CURRENT_PROJECT_VERSION = 1;
				DEVELOPMENT_TEAM = PC6H2T4R56;
				GENERATE_INFOPLIST_FILE = YES;
				INFOPLIST_FILE = day41/Info.plist;
				INFOPLIST_KEY_UIApplicationSupportsIndirectInputEvents = YES;
				INFOPLIST_KEY_UILaunchStoryboardName = LaunchScreen;
				INFOPLIST_KEY_UIMainStoryboardFile = Main;
				INFOPLIST_KEY_UISupportedInterfaceOrientations_iPad = "UIInterfaceOrientationPortrait UIInterfaceOrientationPortraitUpsideDown UIInterfaceOrientationLandscapeLeft UIInterfaceOrientationLandscapeRight";
				INFOPLIST_KEY_UISupportedInterfaceOrientations_iPhone = "UIInterfaceOrientationPortrait UIInterfaceOrientationLandscapeLeft UIInterfaceOrientationLandscapeRight";
				LD_RUNPATH_SEARCH_PATHS = (
					"$(inherited)",
					"@executable_path/Frameworks",
				);
				MARKETING_VERSION = 1.0;
				PRODUCT_BUNDLE_IDENTIFIER = com.example.day41;
				PRODUCT_NAME = "$(TARGET_NAME)";
				SWIFT_EMIT_LOC_STRINGS = YES;
				SWIFT_VERSION = 5.0;
				TARGETED_DEVICE_FAMILY = "1,2";
			};
			name = Release;
		};
		C623962428A7D7AE008F0B67 /* Debug */ = {
			isa = XCBuildConfiguration;
			buildSettings = {
				ALWAYS_EMBED_SWIFT_STANDARD_LIBRARIES = YES;
				BUNDLE_LOADER = "$(TEST_HOST)";
				CODE_SIGN_STYLE = Automatic;
				CURRENT_PROJECT_VERSION = 1;
				DEVELOPMENT_TEAM = PC6H2T4R56;
				GENERATE_INFOPLIST_FILE = YES;
				IPHONEOS_DEPLOYMENT_TARGET = 15.5;
				MARKETING_VERSION = 1.0;
				PRODUCT_BUNDLE_IDENTIFIER = com.example.day41Tests;
				PRODUCT_NAME = "$(TARGET_NAME)";
				SWIFT_EMIT_LOC_STRINGS = NO;
				SWIFT_VERSION = 5.0;
				TARGETED_DEVICE_FAMILY = "1,2";
				TEST_HOST = "$(BUILT_PRODUCTS_DIR)/day41.app/day41";
			};
			name = Debug;
		};
		C623962528A7D7AE008F0B67 /* Release */ = {
			isa = XCBuildConfiguration;
			buildSettings = {
				ALWAYS_EMBED_SWIFT_STANDARD_LIBRARIES = YES;
				BUNDLE_LOADER = "$(TEST_HOST)";
				CODE_SIGN_STYLE = Automatic;
				CURRENT_PROJECT_VERSION = 1;
				DEVELOPMENT_TEAM = PC6H2T4R56;
				GENERATE_INFOPLIST_FILE = YES;
				IPHONEOS_DEPLOYMENT_TARGET = 15.5;
				MARKETING_VERSION = 1.0;
				PRODUCT_BUNDLE_IDENTIFIER = com.example.day41Tests;
				PRODUCT_NAME = "$(TARGET_NAME)";
				SWIFT_EMIT_LOC_STRINGS = NO;
				SWIFT_VERSION = 5.0;
				TARGETED_DEVICE_FAMILY = "1,2";
				TEST_HOST = "$(BUILT_PRODUCTS_DIR)/day41.app/day41";
			};
			name = Release;
		};
		C623962728A7D7AE008F0B67 /* Debug */ = {
			isa = XCBuildConfiguration;
			buildSettings = {
				ALWAYS_EMBED_SWIFT_STANDARD_LIBRARIES = YES;
				CODE_SIGN_STYLE = Automatic;
				CURRENT_PROJECT_VERSION = 1;
				DEVELOPMENT_TEAM = PC6H2T4R56;
				GENERATE_INFOPLIST_FILE = YES;
				MARKETING_VERSION = 1.0;
				PRODUCT_BUNDLE_IDENTIFIER = com.example.day41UITests;
				PRODUCT_NAME = "$(TARGET_NAME)";
				SWIFT_EMIT_LOC_STRINGS = NO;
				SWIFT_VERSION = 5.0;
				TARGETED_DEVICE_FAMILY = "1,2";
				TEST_TARGET_NAME = day41;
			};
			name = Debug;
		};
		C623962828A7D7AE008F0B67 /* Release */ = {
			isa = XCBuildConfiguration;
			buildSettings = {
				ALWAYS_EMBED_SWIFT_STANDARD_LIBRARIES = YES;
				CODE_SIGN_STYLE = Automatic;
				CURRENT_PROJECT_VERSION = 1;
				DEVELOPMENT_TEAM = PC6H2T4R56;
				GENERATE_INFOPLIST_FILE = YES;
				MARKETING_VERSION = 1.0;
				PRODUCT_BUNDLE_IDENTIFIER = com.example.day41UITests;
				PRODUCT_NAME = "$(TARGET_NAME)";
				SWIFT_EMIT_LOC_STRINGS = NO;
				SWIFT_VERSION = 5.0;
				TARGETED_DEVICE_FAMILY = "1,2";
				TEST_TARGET_NAME = day41;
			};
			name = Release;
		};
/* End XCBuildConfiguration section */

/* Begin XCConfigurationList section */
		C62395F128A7D7AD008F0B67 /* Build configuration list for PBXProject "day41" */ = {
			isa = XCConfigurationList;
			buildConfigurations = (
				C623961E28A7D7AE008F0B67 /* Debug */,
				C623961F28A7D7AE008F0B67 /* Release */,
			);
			defaultConfigurationIsVisible = 0;
			defaultConfigurationName = Release;
		};
		C623962028A7D7AE008F0B67 /* Build configuration list for PBXNativeTarget "day41" */ = {
			isa = XCConfigurationList;
			buildConfigurations = (
				C623962128A7D7AE008F0B67 /* Debug */,
				C623962228A7D7AE008F0B67 /* Release */,
			);
			defaultConfigurationIsVisible = 0;
			defaultConfigurationName = Release;
		};
		C623962328A7D7AE008F0B67 /* Build configuration list for PBXNativeTarget "day41Tests" */ = {
			isa = XCConfigurationList;
			buildConfigurations = (
				C623962428A7D7AE008F0B67 /* Debug */,
				C623962528A7D7AE008F0B67 /* Release */,
			);
			defaultConfigurationIsVisible = 0;
			defaultConfigurationName = Release;
		};
		C623962628A7D7AE008F0B67 /* Build configuration list for PBXNativeTarget "day41UITests" */ = {
			isa = XCConfigurationList;
			buildConfigurations = (
				C623962728A7D7AE008F0B67 /* Debug */,
				C623962828A7D7AE008F0B67 /* Release */,
			);
			defaultConfigurationIsVisible = 0;
			defaultConfigurationName = Release;
		};
/* End XCConfigurationList section */
	};
	rootObject = C62395EE28A7D7AD008F0B67 /* Project object */;
}
