// !$*UTF8*$!
{
	archiveVersion = 1;
	classes = {
	};
	objectVersion = 55;
	objects = {

/* Begin PBXBuildFile section */
		C6C69A33286E1E9000837806 /* AppDelegate.swift in Sources */ = {isa = PBXBuildFile; fileRef = C6C69A32286E1E9000837806 /* AppDelegate.swift */; };
		C6C69A35286E1E9000837806 /* SceneDelegate.swift in Sources */ = {isa = PBXBuildFile; fileRef = C6C69A34286E1E9000837806 /* SceneDelegate.swift */; };
		C6C69A37286E1E9000837806 /* ViewController.swift in Sources */ = {isa = PBXBuildFile; fileRef = C6C69A36286E1E9000837806 /* ViewController.swift */; };
		C6C69A3A286E1E9000837806 /* Main.storyboard in Resources */ = {isa = PBXBuildFile; fileRef = C6C69A38286E1E9000837806 /* Main.storyboard */; };
		C6C69A3C286E1E9100837806 /* Assets.xcassets in Resources */ = {isa = PBXBuildFile; fileRef = C6C69A3B286E1E9100837806 /* Assets.xcassets */; };
		C6C69A3F286E1E9100837806 /* LaunchScreen.storyboard in Resources */ = {isa = PBXBuildFile; fileRef = C6C69A3D286E1E9100837806 /* LaunchScreen.storyboard */; };
		C6C69A4A286E1E9100837806 /* NotHesaplay_c_Tests.swift in Sources */ = {isa = PBXBuildFile; fileRef = C6C69A49286E1E9100837806 /* NotHesaplay_c_Tests.swift */; };
		C6C69A54286E1E9100837806 /* NotHesaplay_c_UITests.swift in Sources */ = {isa = PBXBuildFile; fileRef = C6C69A53286E1E9100837806 /* NotHesaplay_c_UITests.swift */; };
		C6C69A56286E1E9100837806 /* NotHesaplay_c_UITestsLaunchTests.swift in Sources */ = {isa = PBXBuildFile; fileRef = C6C69A55286E1E9100837806 /* NotHesaplay_c_UITestsLaunchTests.swift */; };
/* End PBXBuildFile section */

/* Begin PBXContainerItemProxy section */
		C6C69A46286E1E9100837806 /* PBXContainerItemProxy */ = {
			isa = PBXContainerItemProxy;
			containerPortal = C6C69A27286E1E9000837806 /* Project object */;
			proxyType = 1;
			remoteGlobalIDString = C6C69A2E286E1E9000837806;
			remoteInfo = "NotHesaplayıcı";
		};
		C6C69A50286E1E9100837806 /* PBXContainerItemProxy */ = {
			isa = PBXContainerItemProxy;
			containerPortal = C6C69A27286E1E9000837806 /* Project object */;
			proxyType = 1;
			remoteGlobalIDString = C6C69A2E286E1E9000837806;
			remoteInfo = "NotHesaplayıcı";
		};
/* End PBXContainerItemProxy section */

/* Begin PBXFileReference section */
		C6C69A2F286E1E9000837806 /* NotHesaplayıcı.app */ = {isa = PBXFileReference; explicitFileType = wrapper.application; includeInIndex = 0; path = "NotHesaplayıcı.app"; sourceTree = BUILT_PRODUCTS_DIR; };
		C6C69A32286E1E9000837806 /* AppDelegate.swift */ = {isa = PBXFileReference; lastKnownFileType = sourcecode.swift; path = AppDelegate.swift; sourceTree = "<group>"; };
		C6C69A34286E1E9000837806 /* SceneDelegate.swift */ = {isa = PBXFileReference; lastKnownFileType = sourcecode.swift; path = SceneDelegate.swift; sourceTree = "<group>"; };
		C6C69A36286E1E9000837806 /* ViewController.swift */ = {isa = PBXFileReference; lastKnownFileType = sourcecode.swift; path = ViewController.swift; sourceTree = "<group>"; };
		C6C69A39286E1E9000837806 /* Base */ = {isa = PBXFileReference; lastKnownFileType = file.storyboard; name = Base; path = Base.lproj/Main.storyboard; sourceTree = "<group>"; };
		C6C69A3B286E1E9100837806 /* Assets.xcassets */ = {isa = PBXFileReference; lastKnownFileType = folder.assetcatalog; path = Assets.xcassets; sourceTree = "<group>"; };
		C6C69A3E286E1E9100837806 /* Base */ = {isa = PBXFileReference; lastKnownFileType = file.storyboard; name = Base; path = Base.lproj/LaunchScreen.storyboard; sourceTree = "<group>"; };
		C6C69A40286E1E9100837806 /* Info.plist */ = {isa = PBXFileReference; lastKnownFileType = text.plist.xml; path = Info.plist; sourceTree = "<group>"; };
		C6C69A45286E1E9100837806 /* NotHesaplayıcıTests.xctest */ = {isa = PBXFileReference; explicitFileType = wrapper.cfbundle; includeInIndex = 0; path = "NotHesaplayıcıTests.xctest"; sourceTree = BUILT_PRODUCTS_DIR; };
		C6C69A49286E1E9100837806 /* NotHesaplay_c_Tests.swift */ = {isa = PBXFileReference; lastKnownFileType = sourcecode.swift; path = NotHesaplay_c_Tests.swift; sourceTree = "<group>"; };
		C6C69A4F286E1E9100837806 /* NotHesaplayıcıUITests.xctest */ = {isa = PBXFileReference; explicitFileType = wrapper.cfbundle; includeInIndex = 0; path = "NotHesaplayıcıUITests.xctest"; sourceTree = BUILT_PRODUCTS_DIR; };
		C6C69A53286E1E9100837806 /* NotHesaplay_c_UITests.swift */ = {isa = PBXFileReference; lastKnownFileType = sourcecode.swift; path = NotHesaplay_c_UITests.swift; sourceTree = "<group>"; };
		C6C69A55286E1E9100837806 /* NotHesaplay_c_UITestsLaunchTests.swift */ = {isa = PBXFileReference; lastKnownFileType = sourcecode.swift; path = NotHesaplay_c_UITestsLaunchTests.swift; sourceTree = "<group>"; };
/* End PBXFileReference section */

/* Begin PBXFrameworksBuildPhase section */
		C6C69A2C286E1E9000837806 /* Frameworks */ = {
			isa = PBXFrameworksBuildPhase;
			buildActionMask = 2147483647;
			files = (
			);
			runOnlyForDeploymentPostprocessing = 0;
		};
		C6C69A42286E1E9100837806 /* Frameworks */ = {
			isa = PBXFrameworksBuildPhase;
			buildActionMask = 2147483647;
			files = (
			);
			runOnlyForDeploymentPostprocessing = 0;
		};
		C6C69A4C286E1E9100837806 /* Frameworks */ = {
			isa = PBXFrameworksBuildPhase;
			buildActionMask = 2147483647;
			files = (
			);
			runOnlyForDeploymentPostprocessing = 0;
		};
/* End PBXFrameworksBuildPhase section */

/* Begin PBXGroup section */
		C6C69A26286E1E9000837806 = {
			isa = PBXGroup;
			children = (
				C6C69A31286E1E9000837806 /* NotHesaplayıcı */,
				C6C69A48286E1E9100837806 /* NotHesaplayıcıTests */,
				C6C69A52286E1E9100837806 /* NotHesaplayıcıUITests */,
				C6C69A30286E1E9000837806 /* Products */,
			);
			sourceTree = "<group>";
		};
		C6C69A30286E1E9000837806 /* Products */ = {
			isa = PBXGroup;
			children = (
				C6C69A2F286E1E9000837806 /* NotHesaplayıcı.app */,
				C6C69A45286E1E9100837806 /* NotHesaplayıcıTests.xctest */,
				C6C69A4F286E1E9100837806 /* NotHesaplayıcıUITests.xctest */,
			);
			name = Products;
			sourceTree = "<group>";
		};
		C6C69A31286E1E9000837806 /* NotHesaplayıcı */ = {
			isa = PBXGroup;
			children = (
				C6C69A32286E1E9000837806 /* AppDelegate.swift */,
				C6C69A34286E1E9000837806 /* SceneDelegate.swift */,
				C6C69A36286E1E9000837806 /* ViewController.swift */,
				C6C69A38286E1E9000837806 /* Main.storyboard */,
				C6C69A3B286E1E9100837806 /* Assets.xcassets */,
				C6C69A3D286E1E9100837806 /* LaunchScreen.storyboard */,
				C6C69A40286E1E9100837806 /* Info.plist */,
			);
			path = "NotHesaplayıcı";
			sourceTree = "<group>";
		};
		C6C69A48286E1E9100837806 /* NotHesaplayıcıTests */ = {
			isa = PBXGroup;
			children = (
				C6C69A49286E1E9100837806 /* NotHesaplay_c_Tests.swift */,
			);
			path = "NotHesaplayıcıTests";
			sourceTree = "<group>";
		};
		C6C69A52286E1E9100837806 /* NotHesaplayıcıUITests */ = {
			isa = PBXGroup;
			children = (
				C6C69A53286E1E9100837806 /* NotHesaplay_c_UITests.swift */,
				C6C69A55286E1E9100837806 /* NotHesaplay_c_UITestsLaunchTests.swift */,
			);
			path = "NotHesaplayıcıUITests";
			sourceTree = "<group>";
		};
/* End PBXGroup section */

/* Begin PBXNativeTarget section */
		C6C69A2E286E1E9000837806 /* NotHesaplayıcı */ = {
			isa = PBXNativeTarget;
			buildConfigurationList = C6C69A59286E1E9100837806 /* Build configuration list for PBXNativeTarget "NotHesaplayıcı" */;
			buildPhases = (
				C6C69A2B286E1E9000837806 /* Sources */,
				C6C69A2C286E1E9000837806 /* Frameworks */,
				C6C69A2D286E1E9000837806 /* Resources */,
			);
			buildRules = (
			);
			dependencies = (
			);
			name = "NotHesaplayıcı";
			productName = "NotHesaplayıcı";
			productReference = C6C69A2F286E1E9000837806 /* NotHesaplayıcı.app */;
			productType = "com.apple.product-type.application";
		};
		C6C69A44286E1E9100837806 /* NotHesaplayıcıTests */ = {
			isa = PBXNativeTarget;
			buildConfigurationList = C6C69A5C286E1E9100837806 /* Build configuration list for PBXNativeTarget "NotHesaplayıcıTests" */;
			buildPhases = (
				C6C69A41286E1E9100837806 /* Sources */,
				C6C69A42286E1E9100837806 /* Frameworks */,
				C6C69A43286E1E9100837806 /* Resources */,
			);
			buildRules = (
			);
			dependencies = (
				C6C69A47286E1E9100837806 /* PBXTargetDependency */,
			);
			name = "NotHesaplayıcıTests";
			productName = "NotHesaplayıcıTests";
			productReference = C6C69A45286E1E9100837806 /* NotHesaplayıcıTests.xctest */;
			productType = "com.apple.product-type.bundle.unit-test";
		};
		C6C69A4E286E1E9100837806 /* NotHesaplayıcıUITests */ = {
			isa = PBXNativeTarget;
			buildConfigurationList = C6C69A5F286E1E9100837806 /* Build configuration list for PBXNativeTarget "NotHesaplayıcıUITests" */;
			buildPhases = (
				C6C69A4B286E1E9100837806 /* Sources */,
				C6C69A4C286E1E9100837806 /* Frameworks */,
				C6C69A4D286E1E9100837806 /* Resources */,
			);
			buildRules = (
			);
			dependencies = (
				C6C69A51286E1E9100837806 /* PBXTargetDependency */,
			);
			name = "NotHesaplayıcıUITests";
			productName = "NotHesaplayıcıUITests";
			productReference = C6C69A4F286E1E9100837806 /* NotHesaplayıcıUITests.xctest */;
			productType = "com.apple.product-type.bundle.ui-testing";
		};
/* End PBXNativeTarget section */

/* Begin PBXProject section */
		C6C69A27286E1E9000837806 /* Project object */ = {
			isa = PBXProject;
			attributes = {
				BuildIndependentTargetsInParallel = 1;
				LastSwiftUpdateCheck = 1340;
				LastUpgradeCheck = 1340;
				TargetAttributes = {
					C6C69A2E286E1E9000837806 = {
						CreatedOnToolsVersion = 13.4.1;
					};
					C6C69A44286E1E9100837806 = {
						CreatedOnToolsVersion = 13.4.1;
						TestTargetID = C6C69A2E286E1E9000837806;
					};
					C6C69A4E286E1E9100837806 = {
						CreatedOnToolsVersion = 13.4.1;
						TestTargetID = C6C69A2E286E1E9000837806;
					};
				};
			};
			buildConfigurationList = C6C69A2A286E1E9000837806 /* Build configuration list for PBXProject "NotHesaplayıcı" */;
			compatibilityVersion = "Xcode 13.0";
			developmentRegion = en;
			hasScannedForEncodings = 0;
			knownRegions = (
				en,
				Base,
			);
			mainGroup = C6C69A26286E1E9000837806;
			productRefGroup = C6C69A30286E1E9000837806 /* Products */;
			projectDirPath = "";
			projectRoot = "";
			targets = (
				C6C69A2E286E1E9000837806 /* NotHesaplayıcı */,
				C6C69A44286E1E9100837806 /* NotHesaplayıcıTests */,
				C6C69A4E286E1E9100837806 /* NotHesaplayıcıUITests */,
			);
		};
/* End PBXProject section */

/* Begin PBXResourcesBuildPhase section */
		C6C69A2D286E1E9000837806 /* Resources */ = {
			isa = PBXResourcesBuildPhase;
			buildActionMask = 2147483647;
			files = (
				C6C69A3F286E1E9100837806 /* LaunchScreen.storyboard in Resources */,
				C6C69A3C286E1E9100837806 /* Assets.xcassets in Resources */,
				C6C69A3A286E1E9000837806 /* Main.storyboard in Resources */,
			);
			runOnlyForDeploymentPostprocessing = 0;
		};
		C6C69A43286E1E9100837806 /* Resources */ = {
			isa = PBXResourcesBuildPhase;
			buildActionMask = 2147483647;
			files = (
			);
			runOnlyForDeploymentPostprocessing = 0;
		};
		C6C69A4D286E1E9100837806 /* Resources */ = {
			isa = PBXResourcesBuildPhase;
			buildActionMask = 2147483647;
			files = (
			);
			runOnlyForDeploymentPostprocessing = 0;
		};
/* End PBXResourcesBuildPhase section */

/* Begin PBXSourcesBuildPhase section */
		C6C69A2B286E1E9000837806 /* Sources */ = {
			isa = PBXSourcesBuildPhase;
			buildActionMask = 2147483647;
			files = (
				C6C69A37286E1E9000837806 /* ViewController.swift in Sources */,
				C6C69A33286E1E9000837806 /* AppDelegate.swift in Sources */,
				C6C69A35286E1E9000837806 /* SceneDelegate.swift in Sources */,
			);
			runOnlyForDeploymentPostprocessing = 0;
		};
		C6C69A41286E1E9100837806 /* Sources */ = {
			isa = PBXSourcesBuildPhase;
			buildActionMask = 2147483647;
			files = (
				C6C69A4A286E1E9100837806 /* NotHesaplay_c_Tests.swift in Sources */,
			);
			runOnlyForDeploymentPostprocessing = 0;
		};
		C6C69A4B286E1E9100837806 /* Sources */ = {
			isa = PBXSourcesBuildPhase;
			buildActionMask = 2147483647;
			files = (
				C6C69A54286E1E9100837806 /* NotHesaplay_c_UITests.swift in Sources */,
				C6C69A56286E1E9100837806 /* NotHesaplay_c_UITestsLaunchTests.swift in Sources */,
			);
			runOnlyForDeploymentPostprocessing = 0;
		};
/* End PBXSourcesBuildPhase section */

/* Begin PBXTargetDependency section */
		C6C69A47286E1E9100837806 /* PBXTargetDependency */ = {
			isa = PBXTargetDependency;
			target = C6C69A2E286E1E9000837806 /* NotHesaplayıcı */;
			targetProxy = C6C69A46286E1E9100837806 /* PBXContainerItemProxy */;
		};
		C6C69A51286E1E9100837806 /* PBXTargetDependency */ = {
			isa = PBXTargetDependency;
			target = C6C69A2E286E1E9000837806 /* NotHesaplayıcı */;
			targetProxy = C6C69A50286E1E9100837806 /* PBXContainerItemProxy */;
		};
/* End PBXTargetDependency section */

/* Begin PBXVariantGroup section */
		C6C69A38286E1E9000837806 /* Main.storyboard */ = {
			isa = PBXVariantGroup;
			children = (
				C6C69A39286E1E9000837806 /* Base */,
			);
			name = Main.storyboard;
			sourceTree = "<group>";
		};
		C6C69A3D286E1E9100837806 /* LaunchScreen.storyboard */ = {
			isa = PBXVariantGroup;
			children = (
				C6C69A3E286E1E9100837806 /* Base */,
			);
			name = LaunchScreen.storyboard;
			sourceTree = "<group>";
		};
/* End PBXVariantGroup section */

/* Begin XCBuildConfiguration section */
		C6C69A57286E1E9100837806 /* Debug */ = {
			isa = XCBuildConfiguration;
			buildSettings = {
				ALWAYS_SEARCH_USER_PATHS = NO;
				CLANG_ANALYZER_NONNULL = YES;
				CLANG_ANALYZER_NUMBER_OBJECT_CONVERSION = YES_AGGRESSIVE;
				CLANG_CXX_LANGUAGE_STANDARD = "gnu++17";
				CLANG_ENABLE_MODULES = YES;
				CLANG_ENABLE_OBJC_ARC = YES;
				CLANG_ENABLE_OBJC_WEAK = YES;
				CLANG_WARN_BLOCK_CAPTURE_AUTORELEASING = YES;
				CLANG_WARN_BOOL_CONVERSION = YES;
				CLANG_WARN_COMMA = YES;
				CLANG_WARN_CONSTANT_CONVERSION = YES;
				CLANG_WARN_DEPRECATED_OBJC_IMPLEMENTATIONS = YES;
				CLANG_WARN_DIRECT_OBJC_ISA_USAGE = YES_ERROR;
				CLANG_WARN_DOCUMENTATION_COMMENTS = YES;
				CLANG_WARN_EMPTY_BODY = YES;
				CLANG_WARN_ENUM_CONVERSION = YES;
				CLANG_WARN_INFINITE_RECURSION = YES;
				CLANG_WARN_INT_CONVERSION = YES;
				CLANG_WARN_NON_LITERAL_NULL_CONVERSION = YES;
				CLANG_WARN_OBJC_IMPLICIT_RETAIN_SELF = YES;
				CLANG_WARN_OBJC_LITERAL_CONVERSION = YES;
				CLANG_WARN_OBJC_ROOT_CLASS = YES_ERROR;
				CLANG_WARN_QUOTED_INCLUDE_IN_FRAMEWORK_HEADER = YES;
				CLANG_WARN_RANGE_LOOP_ANALYSIS = YES;
				CLANG_WARN_STRICT_PROTOTYPES = YES;
				CLANG_WARN_SUSPICIOUS_MOVE = YES;
				CLANG_WARN_UNGUARDED_AVAILABILITY = YES_AGGRESSIVE;
				CLANG_WARN_UNREACHABLE_CODE = YES;
				CLANG_WARN__DUPLICATE_METHOD_MATCH = YES;
				COPY_PHASE_STRIP = NO;
				DEBUG_INFORMATION_FORMAT = dwarf;
				ENABLE_STRICT_OBJC_MSGSEND = YES;
				ENABLE_TESTABILITY = YES;
				GCC_C_LANGUAGE_STANDARD = gnu11;
				GCC_DYNAMIC_NO_PIC = NO;
				GCC_NO_COMMON_BLOCKS = YES;
				GCC_OPTIMIZATION_LEVEL = 0;
				GCC_PREPROCESSOR_DEFINITIONS = (
					"DEBUG=1",
					"$(inherited)",
				);
				GCC_WARN_64_TO_32_BIT_CONVERSION = YES;
				GCC_WARN_ABOUT_RETURN_TYPE = YES_ERROR;
				GCC_WARN_UNDECLARED_SELECTOR = YES;
				GCC_WARN_UNINITIALIZED_AUTOS = YES_AGGRESSIVE;
				GCC_WARN_UNUSED_FUNCTION = YES;
				GCC_WARN_UNUSED_VARIABLE = YES;
				IPHONEOS_DEPLOYMENT_TARGET = 15.5;
				MTL_ENABLE_DEBUG_INFO = INCLUDE_SOURCE;
				MTL_FAST_MATH = YES;
				ONLY_ACTIVE_ARCH = YES;
				SDKROOT = iphoneos;
				SWIFT_ACTIVE_COMPILATION_CONDITIONS = DEBUG;
				SWIFT_OPTIMIZATION_LEVEL = "-Onone";
			};
			name = Debug;
		};
		C6C69A58286E1E9100837806 /* Release */ = {
			isa = XCBuildConfiguration;
			buildSettings = {
				ALWAYS_SEARCH_USER_PATHS = NO;
				CLANG_ANALYZER_NONNULL = YES;
				CLANG_ANALYZER_NUMBER_OBJECT_CONVERSION = YES_AGGRESSIVE;
				CLANG_CXX_LANGUAGE_STANDARD = "gnu++17";
				CLANG_ENABLE_MODULES = YES;
				CLANG_ENABLE_OBJC_ARC = YES;
				CLANG_ENABLE_OBJC_WEAK = YES;
				CLANG_WARN_BLOCK_CAPTURE_AUTORELEASING = YES;
				CLANG_WARN_BOOL_CONVERSION = YES;
				CLANG_WARN_COMMA = YES;
				CLANG_WARN_CONSTANT_CONVERSION = YES;
				CLANG_WARN_DEPRECATED_OBJC_IMPLEMENTATIONS = YES;
				CLANG_WARN_DIRECT_OBJC_ISA_USAGE = YES_ERROR;
				CLANG_WARN_DOCUMENTATION_COMMENTS = YES;
				CLANG_WARN_EMPTY_BODY = YES;
				CLANG_WARN_ENUM_CONVERSION = YES;
				CLANG_WARN_INFINITE_RECURSION = YES;
				CLANG_WARN_INT_CONVERSION = YES;
				CLANG_WARN_NON_LITERAL_NULL_CONVERSION = YES;
				CLANG_WARN_OBJC_IMPLICIT_RETAIN_SELF = YES;
				CLANG_WARN_OBJC_LITERAL_CONVERSION = YES;
				CLANG_WARN_OBJC_ROOT_CLASS = YES_ERROR;
				CLANG_WARN_QUOTED_INCLUDE_IN_FRAMEWORK_HEADER = YES;
				CLANG_WARN_RANGE_LOOP_ANALYSIS = YES;
				CLANG_WARN_STRICT_PROTOTYPES = YES;
				CLANG_WARN_SUSPICIOUS_MOVE = YES;
				CLANG_WARN_UNGUARDED_AVAILABILITY = YES_AGGRESSIVE;
				CLANG_WARN_UNREACHABLE_CODE = YES;
				CLANG_WARN__DUPLICATE_METHOD_MATCH = YES;
				COPY_PHASE_STRIP = NO;
				DEBUG_INFORMATION_FORMAT = "dwarf-with-dsym";
				ENABLE_NS_ASSERTIONS = NO;
				ENABLE_STRICT_OBJC_MSGSEND = YES;
				GCC_C_LANGUAGE_STANDARD = gnu11;
				GCC_NO_COMMON_BLOCKS = YES;
				GCC_WARN_64_TO_32_BIT_CONVERSION = YES;
				GCC_WARN_ABOUT_RETURN_TYPE = YES_ERROR;
				GCC_WARN_UNDECLARED_SELECTOR = YES;
				GCC_WARN_UNINITIALIZED_AUTOS = YES_AGGRESSIVE;
				GCC_WARN_UNUSED_FUNCTION = YES;
				GCC_WARN_UNUSED_VARIABLE = YES;
				IPHONEOS_DEPLOYMENT_TARGET = 15.5;
				MTL_ENABLE_DEBUG_INFO = NO;
				MTL_FAST_MATH = YES;
				SDKROOT = iphoneos;
				SWIFT_COMPILATION_MODE = wholemodule;
				SWIFT_OPTIMIZATION_LEVEL = "-O";
				VALIDATE_PRODUCT = YES;
			};
			name = Release;
		};
		C6C69A5A286E1E9100837806 /* Debug */ = {
			isa = XCBuildConfiguration;
			buildSettings = {
				ASSETCATALOG_COMPILER_APPICON_NAME = AppIcon;
				ASSETCATALOG_COMPILER_GLOBAL_ACCENT_COLOR_NAME = AccentColor;
				CODE_SIGN_STYLE = Automatic;
				CURRENT_PROJECT_VERSION = 1;
				DEVELOPMENT_TEAM = PC6H2T4R56;
				GENERATE_INFOPLIST_FILE = YES;
				INFOPLIST_FILE = "NotHesaplayıcı/Info.plist";
				INFOPLIST_KEY_UIApplicationSupportsIndirectInputEvents = YES;
				INFOPLIST_KEY_UILaunchStoryboardName = LaunchScreen;
				INFOPLIST_KEY_UIMainStoryboardFile = Main;
				INFOPLIST_KEY_UISupportedInterfaceOrientations_iPad = "UIInterfaceOrientationPortrait UIInterfaceOrientationPortraitUpsideDown UIInterfaceOrientationLandscapeLeft UIInterfaceOrientationLandscapeRight";
				INFOPLIST_KEY_UISupportedInterfaceOrientations_iPhone = "UIInterfaceOrientationPortrait UIInterfaceOrientationLandscapeLeft UIInterfaceOrientationLandscapeRight";
				LD_RUNPATH_SEARCH_PATHS = (
					"$(inherited)",
					"@executable_path/Frameworks",
				);
				MARKETING_VERSION = 1.0;
				PRODUCT_BUNDLE_IDENTIFIER = "-.NotHesaplay-c-";
				PRODUCT_NAME = "$(TARGET_NAME)";
				SWIFT_EMIT_LOC_STRINGS = YES;
				SWIFT_VERSION = 5.0;
				TARGETED_DEVICE_FAMILY = "1,2";
			};
			name = Debug;
		};
		C6C69A5B286E1E9100837806 /* Release */ = {
			isa = XCBuildConfiguration;
			buildSettings = {
				ASSETCATALOG_COMPILER_APPICON_NAME = AppIcon;
				ASSETCATALOG_COMPILER_GLOBAL_ACCENT_COLOR_NAME = AccentColor;
				CODE_SIGN_STYLE = Automatic;
				CURRENT_PROJECT_VERSION = 1;
				DEVELOPMENT_TEAM = PC6H2T4R56;
				GENERATE_INFOPLIST_FILE = YES;
				INFOPLIST_FILE = "NotHesaplayıcı/Info.plist";
				INFOPLIST_KEY_UIApplicationSupportsIndirectInputEvents = YES;
				INFOPLIST_KEY_UILaunchStoryboardName = LaunchScreen;
				INFOPLIST_KEY_UIMainStoryboardFile = Main;
				INFOPLIST_KEY_UISupportedInterfaceOrientations_iPad = "UIInterfaceOrientationPortrait UIInterfaceOrientationPortraitUpsideDown UIInterfaceOrientationLandscapeLeft UIInterfaceOrientationLandscapeRight";
				INFOPLIST_KEY_UISupportedInterfaceOrientations_iPhone = "UIInterfaceOrientationPortrait UIInterfaceOrientationLandscapeLeft UIInterfaceOrientationLandscapeRight";
				LD_RUNPATH_SEARCH_PATHS = (
					"$(inherited)",
					"@executable_path/Frameworks",
				);
				MARKETING_VERSION = 1.0;
				PRODUCT_BUNDLE_IDENTIFIER = "-.NotHesaplay-c-";
				PRODUCT_NAME = "$(TARGET_NAME)";
				SWIFT_EMIT_LOC_STRINGS = YES;
				SWIFT_VERSION = 5.0;
				TARGETED_DEVICE_FAMILY = "1,2";
			};
			name = Release;
		};
		C6C69A5D286E1E9100837806 /* Debug */ = {
			isa = XCBuildConfiguration;
			buildSettings = {
				ALWAYS_EMBED_SWIFT_STANDARD_LIBRARIES = YES;
				BUNDLE_LOADER = "$(TEST_HOST)";
				CODE_SIGN_STYLE = Automatic;
				CURRENT_PROJECT_VERSION = 1;
				DEVELOPMENT_TEAM = PC6H2T4R56;
				GENERATE_INFOPLIST_FILE = YES;
				IPHONEOS_DEPLOYMENT_TARGET = 15.5;
				MARKETING_VERSION = 1.0;
				PRODUCT_BUNDLE_IDENTIFIER = "-.NotHesaplay-c-Tests";
				PRODUCT_NAME = "$(TARGET_NAME)";
				SWIFT_EMIT_LOC_STRINGS = NO;
				SWIFT_VERSION = 5.0;
				TARGETED_DEVICE_FAMILY = "1,2";
				TEST_HOST = "$(BUILT_PRODUCTS_DIR)/NotHesaplayıcı.app/NotHesaplayıcı";
			};
			name = Debug;
		};
		C6C69A5E286E1E9100837806 /* Release */ = {
			isa = XCBuildConfiguration;
			buildSettings = {
				ALWAYS_EMBED_SWIFT_STANDARD_LIBRARIES = YES;
				BUNDLE_LOADER = "$(TEST_HOST)";
				CODE_SIGN_STYLE = Automatic;
				CURRENT_PROJECT_VERSION = 1;
				DEVELOPMENT_TEAM = PC6H2T4R56;
				GENERATE_INFOPLIST_FILE = YES;
				IPHONEOS_DEPLOYMENT_TARGET = 15.5;
				MARKETING_VERSION = 1.0;
				PRODUCT_BUNDLE_IDENTIFIER = "-.NotHesaplay-c-Tests";
				PRODUCT_NAME = "$(TARGET_NAME)";
				SWIFT_EMIT_LOC_STRINGS = NO;
				SWIFT_VERSION = 5.0;
				TARGETED_DEVICE_FAMILY = "1,2";
				TEST_HOST = "$(BUILT_PRODUCTS_DIR)/NotHesaplayıcı.app/NotHesaplayıcı";
			};
			name = Release;
		};
		C6C69A60286E1E9100837806 /* Debug */ = {
			isa = XCBuildConfiguration;
			buildSettings = {
				ALWAYS_EMBED_SWIFT_STANDARD_LIBRARIES = YES;
				CODE_SIGN_STYLE = Automatic;
				CURRENT_PROJECT_VERSION = 1;
				DEVELOPMENT_TEAM = PC6H2T4R56;
				GENERATE_INFOPLIST_FILE = YES;
				MARKETING_VERSION = 1.0;
				PRODUCT_BUNDLE_IDENTIFIER = "-.NotHesaplay-c-UITests";
				PRODUCT_NAME = "$(TARGET_NAME)";
				SWIFT_EMIT_LOC_STRINGS = NO;
				SWIFT_VERSION = 5.0;
				TARGETED_DEVICE_FAMILY = "1,2";
				TEST_TARGET_NAME = "NotHesaplayıcı";
			};
			name = Debug;
		};
		C6C69A61286E1E9100837806 /* Release */ = {
			isa = XCBuildConfiguration;
			buildSettings = {
				ALWAYS_EMBED_SWIFT_STANDARD_LIBRARIES = YES;
				CODE_SIGN_STYLE = Automatic;
				CURRENT_PROJECT_VERSION = 1;
				DEVELOPMENT_TEAM = PC6H2T4R56;
				GENERATE_INFOPLIST_FILE = YES;
				MARKETING_VERSION = 1.0;
				PRODUCT_BUNDLE_IDENTIFIER = "-.NotHesaplay-c-UITests";
				PRODUCT_NAME = "$(TARGET_NAME)";
				SWIFT_EMIT_LOC_STRINGS = NO;
				SWIFT_VERSION = 5.0;
				TARGETED_DEVICE_FAMILY = "1,2";
				TEST_TARGET_NAME = "NotHesaplayıcı";
			};
			name = Release;
		};
/* End XCBuildConfiguration section */

/* Begin XCConfigurationList section */
		C6C69A2A286E1E9000837806 /* Build configuration list for PBXProject "NotHesaplayıcı" */ = {
			isa = XCConfigurationList;
			buildConfigurations = (
				C6C69A57286E1E9100837806 /* Debug */,
				C6C69A58286E1E9100837806 /* Release */,
			);
			defaultConfigurationIsVisible = 0;
			defaultConfigurationName = Release;
		};
		C6C69A59286E1E9100837806 /* Build configuration list for PBXNativeTarget "NotHesaplayıcı" */ = {
			isa = XCConfigurationList;
			buildConfigurations = (
				C6C69A5A286E1E9100837806 /* Debug */,
				C6C69A5B286E1E9100837806 /* Release */,
			);
			defaultConfigurationIsVisible = 0;
			defaultConfigurationName = Release;
		};
		C6C69A5C286E1E9100837806 /* Build configuration list for PBXNativeTarget "NotHesaplayıcıTests" */ = {
			isa = XCConfigurationList;
			buildConfigurations = (
				C6C69A5D286E1E9100837806 /* Debug */,
				C6C69A5E286E1E9100837806 /* Release */,
			);
			defaultConfigurationIsVisible = 0;
			defaultConfigurationName = Release;
		};
		C6C69A5F286E1E9100837806 /* Build configuration list for PBXNativeTarget "NotHesaplayıcıUITests" */ = {
			isa = XCConfigurationList;
			buildConfigurations = (
				C6C69A60286E1E9100837806 /* Debug */,
				C6C69A61286E1E9100837806 /* Release */,
			);
			defaultConfigurationIsVisible = 0;
			defaultConfigurationName = Release;
		};
/* End XCConfigurationList section */
	};
	rootObject = C6C69A27286E1E9000837806 /* Project object */;
}
